// !$*UTF8*$!
{
	archiveVersion = 1;
	classes = {
	};
	objectVersion = 56;
	objects = {

/* Begin PBXBuildFile section */
		FF3EB7272AFF6671009B3E8F /* EastMeetsNorthApp.swift in Sources */ = {isa = PBXBuildFile; fileRef = FF3EB7262AFF6671009B3E8F /* EastMeetsNorthApp.swift */; };
		FF3EB7292AFF6671009B3E8F /* ContentView.swift in Sources */ = {isa = PBXBuildFile; fileRef = FF3EB7282AFF6671009B3E8F /* ContentView.swift */; };
		FF3EB72B2AFF6673009B3E8F /* Assets.xcassets in Resources */ = {isa = PBXBuildFile; fileRef = FF3EB72A2AFF6673009B3E8F /* Assets.xcassets */; };
		FF3EB72E2AFF6673009B3E8F /* Preview Assets.xcassets in Resources */ = {isa = PBXBuildFile; fileRef = FF3EB72D2AFF6673009B3E8F /* Preview Assets.xcassets */; };
		FF3EB7352AFF7F89009B3E8F /* RoundedCorners.swift in Sources */ = {isa = PBXBuildFile; fileRef = FF3EB7342AFF7F89009B3E8F /* RoundedCorners.swift */; };
		FF3EB7372AFF840A009B3E8F /* CircularProgressView.swift in Sources */ = {isa = PBXBuildFile; fileRef = FF3EB7362AFF840A009B3E8F /* CircularProgressView.swift */; };
		FF3EB7392AFFBD29009B3E8F /* SpeechRecognizer.swift in Sources */ = {isa = PBXBuildFile; fileRef = FF3EB7382AFFBD29009B3E8F /* SpeechRecognizer.swift */; };
		FF3EB73B2AFFDA57009B3E8F /* SwiftPDFView.swift in Sources */ = {isa = PBXBuildFile; fileRef = FF3EB73A2AFFDA57009B3E8F /* SwiftPDFView.swift */; };
		FF3EB73D2B00009C009B3E8F /* GuideView.swift in Sources */ = {isa = PBXBuildFile; fileRef = FF3EB73C2B00009C009B3E8F /* GuideView.swift */; };
		FF3EB7442B001D20009B3E8F /* AnimatedGifView.swift in Sources */ = {isa = PBXBuildFile; fileRef = FF3EB7432B001D20009B3E8F /* AnimatedGifView.swift */; };
		FF3EB7462B001D50009B3E8F /* main_circle.gif in Resources */ = {isa = PBXBuildFile; fileRef = FF3EB7452B001D50009B3E8F /* main_circle.gif */; };
		FF3EB7492B001FED009B3E8F /* Kingfisher in Frameworks */ = {isa = PBXBuildFile; productRef = FF3EB7482B001FED009B3E8F /* Kingfisher */; };
		FF3EB74B2B009B6F009B3E8F /* WebView.swift in Sources */ = {isa = PBXBuildFile; fileRef = FF3EB74A2B009B6F009B3E8F /* WebView.swift */; };
/* End PBXBuildFile section */

/* Begin PBXFileReference section */
		FF3EB7232AFF6671009B3E8F /* EastMeetsNorth.app */ = {isa = PBXFileReference; explicitFileType = wrapper.application; includeInIndex = 0; path = EastMeetsNorth.app; sourceTree = BUILT_PRODUCTS_DIR; };
		FF3EB7262AFF6671009B3E8F /* EastMeetsNorthApp.swift */ = {isa = PBXFileReference; lastKnownFileType = sourcecode.swift; path = EastMeetsNorthApp.swift; sourceTree = "<group>"; };
		FF3EB7282AFF6671009B3E8F /* ContentView.swift */ = {isa = PBXFileReference; lastKnownFileType = sourcecode.swift; path = ContentView.swift; sourceTree = "<group>"; };
		FF3EB72A2AFF6673009B3E8F /* Assets.xcassets */ = {isa = PBXFileReference; lastKnownFileType = folder.assetcatalog; path = Assets.xcassets; sourceTree = "<group>"; };
		FF3EB72D2AFF6673009B3E8F /* Preview Assets.xcassets */ = {isa = PBXFileReference; lastKnownFileType = folder.assetcatalog; path = "Preview Assets.xcassets"; sourceTree = "<group>"; };
		FF3EB7342AFF7F89009B3E8F /* RoundedCorners.swift */ = {isa = PBXFileReference; lastKnownFileType = sourcecode.swift; path = RoundedCorners.swift; sourceTree = "<group>"; };
		FF3EB7362AFF840A009B3E8F /* CircularProgressView.swift */ = {isa = PBXFileReference; lastKnownFileType = sourcecode.swift; path = CircularProgressView.swift; sourceTree = "<group>"; };
		FF3EB7382AFFBD29009B3E8F /* SpeechRecognizer.swift */ = {isa = PBXFileReference; lastKnownFileType = sourcecode.swift; path = SpeechRecognizer.swift; sourceTree = "<group>"; };
		FF3EB73A2AFFDA57009B3E8F /* SwiftPDFView.swift */ = {isa = PBXFileReference; lastKnownFileType = sourcecode.swift; path = SwiftPDFView.swift; sourceTree = "<group>"; };
		FF3EB73C2B00009C009B3E8F /* GuideView.swift */ = {isa = PBXFileReference; lastKnownFileType = sourcecode.swift; path = GuideView.swift; sourceTree = "<group>"; };
		FF3EB7432B001D20009B3E8F /* AnimatedGifView.swift */ = {isa = PBXFileReference; lastKnownFileType = sourcecode.swift; path = AnimatedGifView.swift; sourceTree = "<group>"; };
		FF3EB7452B001D50009B3E8F /* main_circle.gif */ = {isa = PBXFileReference; lastKnownFileType = image.gif; path = main_circle.gif; sourceTree = "<group>"; };
		FF3EB74A2B009B6F009B3E8F /* WebView.swift */ = {isa = PBXFileReference; lastKnownFileType = sourcecode.swift; path = WebView.swift; sourceTree = "<group>"; };
/* End PBXFileReference section */

/* Begin PBXFrameworksBuildPhase section */
		FF3EB7202AFF6671009B3E8F /* Frameworks */ = {
			isa = PBXFrameworksBuildPhase;
			buildActionMask = 2147483647;
			files = (
				FF3EB7492B001FED009B3E8F /* Kingfisher in Frameworks */,
			);
			runOnlyForDeploymentPostprocessing = 0;
		};
/* End PBXFrameworksBuildPhase section */

/* Begin PBXGroup section */
		FF3EB71A2AFF6671009B3E8F = {
			isa = PBXGroup;
			children = (
				FF3EB7252AFF6671009B3E8F /* EastMeetsNorth */,
				FF3EB7242AFF6671009B3E8F /* Products */,
			);
			sourceTree = "<group>";
		};
		FF3EB7242AFF6671009B3E8F /* Products */ = {
			isa = PBXGroup;
			children = (
				FF3EB7232AFF6671009B3E8F /* EastMeetsNorth.app */,
			);
			name = Products;
			sourceTree = "<group>";
		};
		FF3EB7252AFF6671009B3E8F /* EastMeetsNorth */ = {
			isa = PBXGroup;
			children = (
				FF3EB7452B001D50009B3E8F /* main_circle.gif */,
				FF3EB7262AFF6671009B3E8F /* EastMeetsNorthApp.swift */,
				FF3EB7282AFF6671009B3E8F /* ContentView.swift */,
				FF3EB72A2AFF6673009B3E8F /* Assets.xcassets */,
				FF3EB72C2AFF6673009B3E8F /* Preview Content */,
				FF3EB7342AFF7F89009B3E8F /* RoundedCorners.swift */,
				FF3EB7362AFF840A009B3E8F /* CircularProgressView.swift */,
				FF3EB7382AFFBD29009B3E8F /* SpeechRecognizer.swift */,
				FF3EB73A2AFFDA57009B3E8F /* SwiftPDFView.swift */,
				FF3EB73C2B00009C009B3E8F /* GuideView.swift */,
				FF3EB7432B001D20009B3E8F /* AnimatedGifView.swift */,
				FF3EB74A2B009B6F009B3E8F /* WebView.swift */,
			);
			path = EastMeetsNorth;
			sourceTree = "<group>";
		};
		FF3EB72C2AFF6673009B3E8F /* Preview Content */ = {
			isa = PBXGroup;
			children = (
				FF3EB72D2AFF6673009B3E8F /* Preview Assets.xcassets */,
			);
			path = "Preview Content";
			sourceTree = "<group>";
		};
/* End PBXGroup section */

/* Begin PBXNativeTarget section */
		FF3EB7222AFF6671009B3E8F /* EastMeetsNorth */ = {
			isa = PBXNativeTarget;
			buildConfigurationList = FF3EB7312AFF6673009B3E8F /* Build configuration list for PBXNativeTarget "EastMeetsNorth" */;
			buildPhases = (
				FF3EB71F2AFF6671009B3E8F /* Sources */,
				FF3EB7202AFF6671009B3E8F /* Frameworks */,
				FF3EB7212AFF6671009B3E8F /* Resources */,
			);
			buildRules = (
			);
			dependencies = (
			);
			name = EastMeetsNorth;
			packageProductDependencies = (
				FF3EB7482B001FED009B3E8F /* Kingfisher */,
			);
			productName = EastMeetsNorth;
			productReference = FF3EB7232AFF6671009B3E8F /* EastMeetsNorth.app */;
			productType = "com.apple.product-type.application";
		};
/* End PBXNativeTarget section */

/* Begin PBXProject section */
		FF3EB71B2AFF6671009B3E8F /* Project object */ = {
			isa = PBXProject;
			attributes = {
				BuildIndependentTargetsInParallel = 1;
				LastSwiftUpdateCheck = 1430;
				LastUpgradeCheck = 1430;
				TargetAttributes = {
					FF3EB7222AFF6671009B3E8F = {
						CreatedOnToolsVersion = 14.3;
					};
				};
			};
			buildConfigurationList = FF3EB71E2AFF6671009B3E8F /* Build configuration list for PBXProject "EastMeetsNorth" */;
			compatibilityVersion = "Xcode 14.0";
			developmentRegion = en;
			hasScannedForEncodings = 0;
			knownRegions = (
				en,
				Base,
			);
			mainGroup = FF3EB71A2AFF6671009B3E8F;
			packageReferences = (
				FF3EB7472B001FED009B3E8F /* XCRemoteSwiftPackageReference "Kingfisher" */,
			);
			productRefGroup = FF3EB7242AFF6671009B3E8F /* Products */;
			projectDirPath = "";
			projectRoot = "";
			targets = (
				FF3EB7222AFF6671009B3E8F /* EastMeetsNorth */,
			);
		};
/* End PBXProject section */

/* Begin PBXResourcesBuildPhase section */
		FF3EB7212AFF6671009B3E8F /* Resources */ = {
			isa = PBXResourcesBuildPhase;
			buildActionMask = 2147483647;
			files = (
				FF3EB7462B001D50009B3E8F /* main_circle.gif in Resources */,
				FF3EB72E2AFF6673009B3E8F /* Preview Assets.xcassets in Resources */,
				FF3EB72B2AFF6673009B3E8F /* Assets.xcassets in Resources */,
			);
			runOnlyForDeploymentPostprocessing = 0;
		};
/* End PBXResourcesBuildPhase section */

/* Begin PBXSourcesBuildPhase section */
		FF3EB71F2AFF6671009B3E8F /* Sources */ = {
			isa = PBXSourcesBuildPhase;
			buildActionMask = 2147483647;
			files = (
				FF3EB7392AFFBD29009B3E8F /* SpeechRecognizer.swift in Sources */,
				FF3EB73B2AFFDA57009B3E8F /* SwiftPDFView.swift in Sources */,
				FF3EB7292AFF6671009B3E8F /* ContentView.swift in Sources */,
				FF3EB7352AFF7F89009B3E8F /* RoundedCorners.swift in Sources */,
				FF3EB7442B001D20009B3E8F /* AnimatedGifView.swift in Sources */,
				FF3EB73D2B00009C009B3E8F /* GuideView.swift in Sources */,
				FF3EB74B2B009B6F009B3E8F /* WebView.swift in Sources */,
				FF3EB7372AFF840A009B3E8F /* CircularProgressView.swift in Sources */,
				FF3EB7272AFF6671009B3E8F /* EastMeetsNorthApp.swift in Sources */,
			);
			runOnlyForDeploymentPostprocessing = 0;
		};
/* End PBXSourcesBuildPhase section */

/* Begin XCBuildConfiguration section */
		FF3EB72F2AFF6673009B3E8F /* Debug */ = {
			isa = XCBuildConfiguration;
			buildSettings = {
				ALWAYS_SEARCH_USER_PATHS = NO;
				CLANG_ANALYZER_NONNULL = YES;
				CLANG_ANALYZER_NUMBER_OBJECT_CONVERSION = YES_AGGRESSIVE;
				CLANG_CXX_LANGUAGE_STANDARD = "gnu++20";
				CLANG_ENABLE_MODULES = YES;
				CLANG_ENABLE_OBJC_ARC = YES;
				CLANG_ENABLE_OBJC_WEAK = YES;
				CLANG_WARN_BLOCK_CAPTURE_AUTORELEASING = YES;
				CLANG_WARN_BOOL_CONVERSION = YES;
				CLANG_WARN_COMMA = YES;
				CLANG_WARN_CONSTANT_CONVERSION = YES;
				CLANG_WARN_DEPRECATED_OBJC_IMPLEMENTATIONS = YES;
				CLANG_WARN_DIRECT_OBJC_ISA_USAGE = YES_ERROR;
				CLANG_WARN_DOCUMENTATION_COMMENTS = YES;
				CLANG_WARN_EMPTY_BODY = YES;
				CLANG_WARN_ENUM_CONVERSION = YES;
				CLANG_WARN_INFINITE_RECURSION = YES;
				CLANG_WARN_INT_CONVERSION = YES;
				CLANG_WARN_NON_LITERAL_NULL_CONVERSION = YES;
				CLANG_WARN_OBJC_IMPLICIT_RETAIN_SELF = YES;
				CLANG_WARN_OBJC_LITERAL_CONVERSION = YES;
				CLANG_WARN_OBJC_ROOT_CLASS = YES_ERROR;
				CLANG_WARN_QUOTED_INCLUDE_IN_FRAMEWORK_HEADER = YES;
				CLANG_WARN_RANGE_LOOP_ANALYSIS = YES;
				CLANG_WARN_STRICT_PROTOTYPES = YES;
				CLANG_WARN_SUSPICIOUS_MOVE = YES;
				CLANG_WARN_UNGUARDED_AVAILABILITY = YES_AGGRESSIVE;
				CLANG_WARN_UNREACHABLE_CODE = YES;
				CLANG_WARN__DUPLICATE_METHOD_MATCH = YES;
				COPY_PHASE_STRIP = NO;
				DEBUG_INFORMATION_FORMAT = dwarf;
				ENABLE_STRICT_OBJC_MSGSEND = YES;
				ENABLE_TESTABILITY = YES;
				GCC_C_LANGUAGE_STANDARD = gnu11;
				GCC_DYNAMIC_NO_PIC = NO;
				GCC_NO_COMMON_BLOCKS = YES;
				GCC_OPTIMIZATION_LEVEL = 0;
				GCC_PREPROCESSOR_DEFINITIONS = (
					"DEBUG=1",
					"$(inherited)",
				);
				GCC_WARN_64_TO_32_BIT_CONVERSION = YES;
				GCC_WARN_ABOUT_RETURN_TYPE = YES_ERROR;
				GCC_WARN_UNDECLARED_SELECTOR = YES;
				GCC_WARN_UNINITIALIZED_AUTOS = YES_AGGRESSIVE;
				GCC_WARN_UNUSED_FUNCTION = YES;
				GCC_WARN_UNUSED_VARIABLE = YES;
				IPHONEOS_DEPLOYMENT_TARGET = 16.4;
				MTL_ENABLE_DEBUG_INFO = INCLUDE_SOURCE;
				MTL_FAST_MATH = YES;
				ONLY_ACTIVE_ARCH = YES;
				SDKROOT = iphoneos;
				SWIFT_ACTIVE_COMPILATION_CONDITIONS = DEBUG;
				SWIFT_OPTIMIZATION_LEVEL = "-Onone";
			};
			name = Debug;
		};
		FF3EB7302AFF6673009B3E8F /* Release */ = {
			isa = XCBuildConfiguration;
			buildSettings = {
				ALWAYS_SEARCH_USER_PATHS = NO;
				CLANG_ANALYZER_NONNULL = YES;
				CLANG_ANALYZER_NUMBER_OBJECT_CONVERSION = YES_AGGRESSIVE;
				CLANG_CXX_LANGUAGE_STANDARD = "gnu++20";
				CLANG_ENABLE_MODULES = YES;
				CLANG_ENABLE_OBJC_ARC = YES;
				CLANG_ENABLE_OBJC_WEAK = YES;
				CLANG_WARN_BLOCK_CAPTURE_AUTORELEASING = YES;
				CLANG_WARN_BOOL_CONVERSION = YES;
				CLANG_WARN_COMMA = YES;
				CLANG_WARN_CONSTANT_CONVERSION = YES;
				CLANG_WARN_DEPRECATED_OBJC_IMPLEMENTATIONS = YES;
				CLANG_WARN_DIRECT_OBJC_ISA_USAGE = YES_ERROR;
				CLANG_WARN_DOCUMENTATION_COMMENTS = YES;
				CLANG_WARN_EMPTY_BODY = YES;
				CLANG_WARN_ENUM_CONVERSION = YES;
				CLANG_WARN_INFINITE_RECURSION = YES;
				CLANG_WARN_INT_CONVERSION = YES;
				CLANG_WARN_NON_LITERAL_NULL_CONVERSION = YES;
				CLANG_WARN_OBJC_IMPLICIT_RETAIN_SELF = YES;
				CLANG_WARN_OBJC_LITERAL_CONVERSION = YES;
				CLANG_WARN_OBJC_ROOT_CLASS = YES_ERROR;
				CLANG_WARN_QUOTED_INCLUDE_IN_FRAMEWORK_HEADER = YES;
				CLANG_WARN_RANGE_LOOP_ANALYSIS = YES;
				CLANG_WARN_STRICT_PROTOTYPES = YES;
				CLANG_WARN_SUSPICIOUS_MOVE = YES;
				CLANG_WARN_UNGUARDED_AVAILABILITY = YES_AGGRESSIVE;
				CLANG_WARN_UNREACHABLE_CODE = YES;
				CLANG_WARN__DUPLICATE_METHOD_MATCH = YES;
				COPY_PHASE_STRIP = NO;
				DEBUG_INFORMATION_FORMAT = "dwarf-with-dsym";
				ENABLE_NS_ASSERTIONS = NO;
				ENABLE_STRICT_OBJC_MSGSEND = YES;
				GCC_C_LANGUAGE_STANDARD = gnu11;
				GCC_NO_COMMON_BLOCKS = YES;
				GCC_WARN_64_TO_32_BIT_CONVERSION = YES;
				GCC_WARN_ABOUT_RETURN_TYPE = YES_ERROR;
				GCC_WARN_UNDECLARED_SELECTOR = YES;
				GCC_WARN_UNINITIALIZED_AUTOS = YES_AGGRESSIVE;
				GCC_WARN_UNUSED_FUNCTION = YES;
				GCC_WARN_UNUSED_VARIABLE = YES;
				IPHONEOS_DEPLOYMENT_TARGET = 16.4;
				MTL_ENABLE_DEBUG_INFO = NO;
				MTL_FAST_MATH = YES;
				SDKROOT = iphoneos;
				SWIFT_COMPILATION_MODE = wholemodule;
				SWIFT_OPTIMIZATION_LEVEL = "-O";
				VALIDATE_PRODUCT = YES;
			};
			name = Release;
		};
		FF3EB7322AFF6673009B3E8F /* Debug */ = {
			isa = XCBuildConfiguration;
			buildSettings = {
				ASSETCATALOG_COMPILER_APPICON_NAME = AppIcon;
				ASSETCATALOG_COMPILER_GLOBAL_ACCENT_COLOR_NAME = AccentColor;
				CODE_SIGN_STYLE = Automatic;
				CURRENT_PROJECT_VERSION = 10;
				DEVELOPMENT_ASSET_PATHS = "\"EastMeetsNorth/Preview Content\"";
				DEVELOPMENT_TEAM = 679U29FZ6S;
				ENABLE_PREVIEWS = YES;
				GENERATE_INFOPLIST_FILE = YES;
				INFOPLIST_KEY_CFBundleDisplayName = Riley;
				INFOPLIST_KEY_NSMicrophoneUsageDescription = "Audio is recorded to transcription in the app.";
				INFOPLIST_KEY_NSSpeechRecognitionUsageDescription = "Audio is recorded to transcription in the app.";
				INFOPLIST_KEY_UIApplicationSceneManifest_Generation = YES;
				INFOPLIST_KEY_UIApplicationSupportsIndirectInputEvents = YES;
				INFOPLIST_KEY_UILaunchScreen_Generation = YES;
				INFOPLIST_KEY_UISupportedInterfaceOrientations = UIInterfaceOrientationPortrait;
				INFOPLIST_KEY_UISupportedInterfaceOrientations_iPad = "UIInterfaceOrientationLandscapeLeft UIInterfaceOrientationLandscapeRight UIInterfaceOrientationPortrait UIInterfaceOrientationPortraitUpsideDown";
				IPHONEOS_DEPLOYMENT_TARGET = 16.0;
				LD_RUNPATH_SEARCH_PATHS = (
					"$(inherited)",
					"@executable_path/Frameworks",
				);
				MARKETING_VERSION = 1.0;
				PRODUCT_BUNDLE_IDENTIFIER = com.saenuruki.Riley;
				PRODUCT_NAME = "$(TARGET_NAME)";
				SWIFT_EMIT_LOC_STRINGS = YES;
				SWIFT_VERSION = 5.0;
				TARGETED_DEVICE_FAMILY = "1,2";
			};
			name = Debug;
		};
		FF3EB7332AFF6673009B3E8F /* Release */ = {
			isa = XCBuildConfiguration;
			buildSettings = {
				ASSETCATALOG_COMPILER_APPICON_NAME = AppIcon;
				ASSETCATALOG_COMPILER_GLOBAL_ACCENT_COLOR_NAME = AccentColor;
				CODE_SIGN_STYLE = Automatic;
				CURRENT_PROJECT_VERSION = 10;
				DEVELOPMENT_ASSET_PATHS = "\"EastMeetsNorth/Preview Content\"";
				DEVELOPMENT_TEAM = 679U29FZ6S;
				ENABLE_PREVIEWS = YES;
				GENERATE_INFOPLIST_FILE = YES;
				INFOPLIST_KEY_CFBundleDisplayName = Riley;
				INFOPLIST_KEY_NSMicrophoneUsageDescription = "Audio is recorded to transcription in the app.";
				INFOPLIST_KEY_NSSpeechRecognitionUsageDescription = "Audio is recorded to transcription in the app.";
				INFOPLIST_KEY_UIApplicationSceneManifest_Generation = YES;
				INFOPLIST_KEY_UIApplicationSupportsIndirectInputEvents = YES;
				INFOPLIST_KEY_UILaunchScreen_Generation = YES;
				INFOPLIST_KEY_UISupportedInterfaceOrientations = UIInterfaceOrientationPortrait;
				INFOPLIST_KEY_UISupportedInterfaceOrientations_iPad = "UIInterfaceOrientationLandscapeLeft UIInterfaceOrientationLandscapeRight UIInterfaceOrientationPortrait UIInterfaceOrientationPortraitUpsideDown";
				IPHONEOS_DEPLOYMENT_TARGET = 16.0;
				LD_RUNPATH_SEARCH_PATHS = (
					"$(inherited)",
					"@executable_path/Frameworks",
				);
				MARKETING_VERSION = 1.0;
				PRODUCT_BUNDLE_IDENTIFIER = com.saenuruki.Riley;
				PRODUCT_NAME = "$(TARGET_NAME)";
				SWIFT_EMIT_LOC_STRINGS = YES;
				SWIFT_VERSION = 5.0;
				TARGETED_DEVICE_FAMILY = "1,2";
			};
			name = Release;
		};
/* End XCBuildConfiguration section */

/* Begin XCConfigurationList section */
		FF3EB71E2AFF6671009B3E8F /* Build configuration list for PBXProject "EastMeetsNorth" */ = {
			isa = XCConfigurationList;
			buildConfigurations = (
				FF3EB72F2AFF6673009B3E8F /* Debug */,
				FF3EB7302AFF6673009B3E8F /* Release */,
			);
			defaultConfigurationIsVisible = 0;
			defaultConfigurationName = Release;
		};
		FF3EB7312AFF6673009B3E8F /* Build configuration list for PBXNativeTarget "EastMeetsNorth" */ = {
			isa = XCConfigurationList;
			buildConfigurations = (
				FF3EB7322AFF6673009B3E8F /* Debug */,
				FF3EB7332AFF6673009B3E8F /* Release */,
			);
			defaultConfigurationIsVisible = 0;
			defaultConfigurationName = Release;
		};
/* End XCConfigurationList section */

/* Begin XCRemoteSwiftPackageReference section */
		FF3EB7472B001FED009B3E8F /* XCRemoteSwiftPackageReference "Kingfisher" */ = {
			isa = XCRemoteSwiftPackageReference;
			repositoryURL = "https://github.com/onevcat/Kingfisher.git";
			requirement = {
				kind = upToNextMajorVersion;
				minimumVersion = 7.0.0;
			};
		};
/* End XCRemoteSwiftPackageReference section */

/* Begin XCSwiftPackageProductDependency section */
		FF3EB7482B001FED009B3E8F /* Kingfisher */ = {
			isa = XCSwiftPackageProductDependency;
			package = FF3EB7472B001FED009B3E8F /* XCRemoteSwiftPackageReference "Kingfisher" */;
			productName = Kingfisher;
		};
/* End XCSwiftPackageProductDependency section */
	};
	rootObject = FF3EB71B2AFF6671009B3E8F /* Project object */;
}
